// !$*UTF8*$!
{
	archiveVersion = 1;
	classes = {
	};
	objectVersion = 46;
	objects = {

/* Begin PBXBuildFile section */
		650CBA881CC18CB0006C4D1A /* Assets.xcassets in Resources */ = {isa = PBXBuildFile; fileRef = 650CBA871CC18CB0006C4D1A /* Assets.xcassets */; };
		650CBA8A1CC23FC8006C4D1A /* RatingControl.swift in Sources */ = {isa = PBXBuildFile; fileRef = 650CBA891CC23FC8006C4D1A /* RatingControl.swift */; };
		651CBDD41CC3F1700087DD52 /* MealTableViewController.swift in Sources */ = {isa = PBXBuildFile; fileRef = 651CBDD31CC3F1700087DD52 /* MealTableViewController.swift */; };
		657AD2E31CC3D24B00EDB64D /* Meal.swift in Sources */ = {isa = PBXBuildFile; fileRef = 657AD2E21CC3D24B00EDB64D /* Meal.swift */; };
		657AD2E41CC3D24B00EDB64D /* Meal.swift in Sources */ = {isa = PBXBuildFile; fileRef = 657AD2E21CC3D24B00EDB64D /* Meal.swift */; };
		65A16BEC1CC3EB1700DDF809 /* MealTableViewCell.swift in Sources */ = {isa = PBXBuildFile; fileRef = 65A16BEB1CC3EB1700DDF809 /* MealTableViewCell.swift */; };
		65D611091CBAABDA007BE3AC /* AppDelegate.swift in Sources */ = {isa = PBXBuildFile; fileRef = 65D611081CBAABDA007BE3AC /* AppDelegate.swift */; };
		65D6110B1CBAABDA007BE3AC /* ViewController.swift in Sources */ = {isa = PBXBuildFile; fileRef = 65D6110A1CBAABDA007BE3AC /* ViewController.swift */; };
		65D6110E1CBAABDA007BE3AC /* Main.storyboard in Resources */ = {isa = PBXBuildFile; fileRef = 65D6110C1CBAABDA007BE3AC /* Main.storyboard */; };
		65D611131CBAABDA007BE3AC /* LaunchScreen.storyboard in Resources */ = {isa = PBXBuildFile; fileRef = 65D611111CBAABDA007BE3AC /* LaunchScreen.storyboard */; };
		65D6111E1CBAABDA007BE3AC /* FoodTrackerTests.swift in Sources */ = {isa = PBXBuildFile; fileRef = 65D6111D1CBAABDA007BE3AC /* FoodTrackerTests.swift */; };
/* End PBXBuildFile section */

/* Begin PBXContainerItemProxy section */
		65D6111A1CBAABDA007BE3AC /* PBXContainerItemProxy */ = {
			isa = PBXContainerItemProxy;
			containerPortal = 65D610FD1CBAABD9007BE3AC /* Project object */;
			proxyType = 1;
			remoteGlobalIDString = 65D611041CBAABD9007BE3AC;
			remoteInfo = FoodTracker;
		};
/* End PBXContainerItemProxy section */

/* Begin PBXFileReference section */
		650CBA871CC18CB0006C4D1A /* Assets.xcassets */ = {isa = PBXFileReference; lastKnownFileType = folder.assetcatalog; path = Assets.xcassets; sourceTree = "<group>"; };
		650CBA891CC23FC8006C4D1A /* RatingControl.swift */ = {isa = PBXFileReference; fileEncoding = 4; lastKnownFileType = sourcecode.swift; path = RatingControl.swift; sourceTree = "<group>"; };
		651CBDD31CC3F1700087DD52 /* MealTableViewController.swift */ = {isa = PBXFileReference; fileEncoding = 4; lastKnownFileType = sourcecode.swift; path = MealTableViewController.swift; sourceTree = "<group>"; };
		657AD2E21CC3D24B00EDB64D /* Meal.swift */ = {isa = PBXFileReference; fileEncoding = 4; lastKnownFileType = sourcecode.swift; path = Meal.swift; sourceTree = "<group>"; };
		65808CE01CBF7C930072216B /* DialogView.playground */ = {isa = PBXFileReference; lastKnownFileType = file.playground; path = DialogView.playground; sourceTree = "<group>"; };
		65A16BEB1CC3EB1700DDF809 /* MealTableViewCell.swift */ = {isa = PBXFileReference; fileEncoding = 4; lastKnownFileType = sourcecode.swift; path = MealTableViewCell.swift; sourceTree = "<group>"; };
		65D611051CBAABD9007BE3AC /* FoodTracker.app */ = {isa = PBXFileReference; explicitFileType = wrapper.application; includeInIndex = 0; path = FoodTracker.app; sourceTree = BUILT_PRODUCTS_DIR; };
		65D611081CBAABDA007BE3AC /* AppDelegate.swift */ = {isa = PBXFileReference; lastKnownFileType = sourcecode.swift; path = AppDelegate.swift; sourceTree = "<group>"; };
		65D6110A1CBAABDA007BE3AC /* ViewController.swift */ = {isa = PBXFileReference; lastKnownFileType = sourcecode.swift; path = ViewController.swift; sourceTree = "<group>"; };
		65D6110D1CBAABDA007BE3AC /* Base */ = {isa = PBXFileReference; lastKnownFileType = file.storyboard; name = Base; path = Base.lproj/Main.storyboard; sourceTree = "<group>"; };
		65D611121CBAABDA007BE3AC /* Base */ = {isa = PBXFileReference; lastKnownFileType = file.storyboard; name = Base; path = Base.lproj/LaunchScreen.storyboard; sourceTree = "<group>"; };
		65D611141CBAABDA007BE3AC /* Info.plist */ = {isa = PBXFileReference; lastKnownFileType = text.plist.xml; path = Info.plist; sourceTree = "<group>"; };
		65D611191CBAABDA007BE3AC /* FoodTrackerTests.xctest */ = {isa = PBXFileReference; explicitFileType = wrapper.cfbundle; includeInIndex = 0; path = FoodTrackerTests.xctest; sourceTree = BUILT_PRODUCTS_DIR; };
		65D6111D1CBAABDA007BE3AC /* FoodTrackerTests.swift */ = {isa = PBXFileReference; lastKnownFileType = sourcecode.swift; path = FoodTrackerTests.swift; sourceTree = "<group>"; };
		65D6111F1CBAABDA007BE3AC /* Info.plist */ = {isa = PBXFileReference; lastKnownFileType = text.plist.xml; path = Info.plist; sourceTree = "<group>"; };
/* End PBXFileReference section */

/* Begin PBXFrameworksBuildPhase section */
		65D611021CBAABD9007BE3AC /* Frameworks */ = {
			isa = PBXFrameworksBuildPhase;
			buildActionMask = 2147483647;
			files = (
			);
			runOnlyForDeploymentPostprocessing = 0;
		};
		65D611161CBAABDA007BE3AC /* Frameworks */ = {
			isa = PBXFrameworksBuildPhase;
			buildActionMask = 2147483647;
			files = (
			);
			runOnlyForDeploymentPostprocessing = 0;
		};
/* End PBXFrameworksBuildPhase section */

/* Begin PBXGroup section */
		65D610FC1CBAABD9007BE3AC = {
			isa = PBXGroup;
			children = (
				65D611071CBAABDA007BE3AC /* FoodTracker */,
				65D6111C1CBAABDA007BE3AC /* FoodTrackerTests */,
				65D611061CBAABD9007BE3AC /* Products */,
			);
			sourceTree = "<group>";
		};
		65D611061CBAABD9007BE3AC /* Products */ = {
			isa = PBXGroup;
			children = (
				65D611051CBAABD9007BE3AC /* FoodTracker.app */,
				65D611191CBAABDA007BE3AC /* FoodTrackerTests.xctest */,
			);
			name = Products;
			sourceTree = "<group>";
		};
		65D611071CBAABDA007BE3AC /* FoodTracker */ = {
			isa = PBXGroup;
			children = (
				651CBDD31CC3F1700087DD52 /* MealTableViewController.swift */,
				65A16BEB1CC3EB1700DDF809 /* MealTableViewCell.swift */,
				65D611081CBAABDA007BE3AC /* AppDelegate.swift */,
				65D6110A1CBAABDA007BE3AC /* ViewController.swift */,
				65D6110C1CBAABDA007BE3AC /* Main.storyboard */,
				650CBA891CC23FC8006C4D1A /* RatingControl.swift */,
				65D611111CBAABDA007BE3AC /* LaunchScreen.storyboard */,
				65D611141CBAABDA007BE3AC /* Info.plist */,
				650CBA871CC18CB0006C4D1A /* Assets.xcassets */,
				65808CE01CBF7C930072216B /* DialogView.playground */,
				657AD2E21CC3D24B00EDB64D /* Meal.swift */,
			);
			path = FoodTracker;
			sourceTree = "<group>";
		};
		65D6111C1CBAABDA007BE3AC /* FoodTrackerTests */ = {
			isa = PBXGroup;
			children = (
				65D6111D1CBAABDA007BE3AC /* FoodTrackerTests.swift */,
				65D6111F1CBAABDA007BE3AC /* Info.plist */,
			);
			path = FoodTrackerTests;
			sourceTree = "<group>";
		};
/* End PBXGroup section */

/* Begin PBXNativeTarget section */
		65D611041CBAABD9007BE3AC /* FoodTracker */ = {
			isa = PBXNativeTarget;
			buildConfigurationList = 65D611221CBAABDA007BE3AC /* Build configuration list for PBXNativeTarget "FoodTracker" */;
			buildPhases = (
				65D611011CBAABD9007BE3AC /* Sources */,
				65D611021CBAABD9007BE3AC /* Frameworks */,
				65D611031CBAABD9007BE3AC /* Resources */,
			);
			buildRules = (
			);
			dependencies = (
			);
			name = FoodTracker;
			productName = FoodTracker;
			productReference = 65D611051CBAABD9007BE3AC /* FoodTracker.app */;
			productType = "com.apple.product-type.application";
		};
		65D611181CBAABDA007BE3AC /* FoodTrackerTests */ = {
			isa = PBXNativeTarget;
			buildConfigurationList = 65D611251CBAABDA007BE3AC /* Build configuration list for PBXNativeTarget "FoodTrackerTests" */;
			buildPhases = (
				65D611151CBAABDA007BE3AC /* Sources */,
				65D611161CBAABDA007BE3AC /* Frameworks */,
				65D611171CBAABDA007BE3AC /* Resources */,
			);
			buildRules = (
			);
			dependencies = (
				65D6111B1CBAABDA007BE3AC /* PBXTargetDependency */,
			);
			name = FoodTrackerTests;
			productName = FoodTrackerTests;
			productReference = 65D611191CBAABDA007BE3AC /* FoodTrackerTests.xctest */;
			productType = "com.apple.product-type.bundle.unit-test";
		};
/* End PBXNativeTarget section */

/* Begin PBXProject section */
		65D610FD1CBAABD9007BE3AC /* Project object */ = {
			isa = PBXProject;
			attributes = {
				LastSwiftUpdateCheck = 0730;
				LastUpgradeCheck = 0730;
				ORGANIZATIONNAME = "Andrea Perazzi";
				TargetAttributes = {
					65D611041CBAABD9007BE3AC = {
						CreatedOnToolsVersion = 7.3;
					};
					65D611181CBAABDA007BE3AC = {
						CreatedOnToolsVersion = 7.3;
						TestTargetID = 65D611041CBAABD9007BE3AC;
					};
				};
			};
			buildConfigurationList = 65D611001CBAABD9007BE3AC /* Build configuration list for PBXProject "FoodTracker" */;
			compatibilityVersion = "Xcode 3.2";
			developmentRegion = English;
			hasScannedForEncodings = 0;
			knownRegions = (
				en,
				Base,
			);
			mainGroup = 65D610FC1CBAABD9007BE3AC;
			productRefGroup = 65D611061CBAABD9007BE3AC /* Products */;
			projectDirPath = "";
			projectRoot = "";
			targets = (
				65D611041CBAABD9007BE3AC /* FoodTracker */,
				65D611181CBAABDA007BE3AC /* FoodTrackerTests */,
			);
		};
/* End PBXProject section */

/* Begin PBXResourcesBuildPhase section */
		65D611031CBAABD9007BE3AC /* Resources */ = {
			isa = PBXResourcesBuildPhase;
			buildActionMask = 2147483647;
			files = (
				65D611131CBAABDA007BE3AC /* LaunchScreen.storyboard in Resources */,
				650CBA881CC18CB0006C4D1A /* Assets.xcassets in Resources */,
				65D6110E1CBAABDA007BE3AC /* Main.storyboard in Resources */,
			);
			runOnlyForDeploymentPostprocessing = 0;
		};
		65D611171CBAABDA007BE3AC /* Resources */ = {
			isa = PBXResourcesBuildPhase;
			buildActionMask = 2147483647;
			files = (
			);
			runOnlyForDeploymentPostprocessing = 0;
		};
/* End PBXResourcesBuildPhase section */

/* Begin PBXSourcesBuildPhase section */
		65D611011CBAABD9007BE3AC /* Sources */ = {
			isa = PBXSourcesBuildPhase;
			buildActionMask = 2147483647;
			files = (
				657AD2E31CC3D24B00EDB64D /* Meal.swift in Sources */,
				65D6110B1CBAABDA007BE3AC /* ViewController.swift in Sources */,
				650CBA8A1CC23FC8006C4D1A /* RatingControl.swift in Sources */,
				65D611091CBAABDA007BE3AC /* AppDelegate.swift in Sources */,
				651CBDD41CC3F1700087DD52 /* MealTableViewController.swift in Sources */,
				65A16BEC1CC3EB1700DDF809 /* MealTableViewCell.swift in Sources */,
			);
			runOnlyForDeploymentPostprocessing = 0;
		};
		65D611151CBAABDA007BE3AC /* Sources */ = {
			isa = PBXSourcesBuildPhase;
			buildActionMask = 2147483647;
			files = (
				657AD2E41CC3D24B00EDB64D /* Meal.swift in Sources */,
				65D6111E1CBAABDA007BE3AC /* FoodTrackerTests.swift in Sources */,
			);
			runOnlyForDeploymentPostprocessing = 0;
		};
/* End PBXSourcesBuildPhase section */

/* Begin PBXTargetDependency section */
		65D6111B1CBAABDA007BE3AC /* PBXTargetDependency */ = {
			isa = PBXTargetDependency;
			target = 65D611041CBAABD9007BE3AC /* FoodTracker */;
			targetProxy = 65D6111A1CBAABDA007BE3AC /* PBXContainerItemProxy */;
		};
/* End PBXTargetDependency section */

/* Begin PBXVariantGroup section */
		65D6110C1CBAABDA007BE3AC /* Main.storyboard */ = {
			isa = PBXVariantGroup;
			children = (
				65D6110D1CBAABDA007BE3AC /* Base */,
			);
			name = Main.storyboard;
			sourceTree = "<group>";
		};
		65D611111CBAABDA007BE3AC /* LaunchScreen.storyboard */ = {
			isa = PBXVariantGroup;
			children = (
				65D611121CBAABDA007BE3AC /* Base */,
			);
			name = LaunchScreen.storyboard;
			sourceTree = "<group>";
		};
/* End PBXVariantGroup section */

/* Begin XCBuildConfiguration section */
		65D611201CBAABDA007BE3AC /* Debug */ = {
			isa = XCBuildConfiguration;
			buildSettings = {
				ALWAYS_SEARCH_USER_PATHS = NO;
				CLANG_ANALYZER_NONNULL = YES;
				CLANG_CXX_LANGUAGE_STANDARD = "gnu++0x";
				CLANG_CXX_LIBRARY = "libc++";
				CLANG_ENABLE_MODULES = YES;
				CLANG_ENABLE_OBJC_ARC = YES;
				CLANG_WARN_BOOL_CONVERSION = YES;
				CLANG_WARN_CONSTANT_CONVERSION = YES;
				CLANG_WARN_DIRECT_OBJC_ISA_USAGE = YES_ERROR;
				CLANG_WARN_EMPTY_BODY = YES;
				CLANG_WARN_ENUM_CONVERSION = YES;
				CLANG_WARN_INT_CONVERSION = YES;
				CLANG_WARN_OBJC_ROOT_CLASS = YES_ERROR;
				CLANG_WARN_UNREACHABLE_CODE = YES;
				CLANG_WARN__DUPLICATE_METHOD_MATCH = YES;
				"CODE_SIGN_IDENTITY[sdk=iphoneos*]" = "iPhone Developer";
				COPY_PHASE_STRIP = NO;
				DEBUG_INFORMATION_FORMAT = dwarf;
				ENABLE_STRICT_OBJC_MSGSEND = YES;
				ENABLE_TESTABILITY = YES;
				GCC_C_LANGUAGE_STANDARD = gnu99;
				GCC_DYNAMIC_NO_PIC = NO;
				GCC_NO_COMMON_BLOCKS = YES;
				GCC_OPTIMIZATION_LEVEL = 0;
				GCC_PREPROCESSOR_DEFINITIONS = (
					"DEBUG=1",
					"$(inherited)",
				);
				GCC_WARN_64_TO_32_BIT_CONVERSION = YES;
				GCC_WARN_ABOUT_RETURN_TYPE = YES_ERROR;
				GCC_WARN_UNDECLARED_SELECTOR = YES;
				GCC_WARN_UNINITIALIZED_AUTOS = YES_AGGRESSIVE;
				GCC_WARN_UNUSED_FUNCTION = YES;
				GCC_WARN_UNUSED_VARIABLE = YES;
				IPHONEOS_DEPLOYMENT_TARGET = 9.3;
				MTL_ENABLE_DEBUG_INFO = YES;
				ONLY_ACTIVE_ARCH = YES;
				SDKROOT = iphoneos;
				SWIFT_OPTIMIZATION_LEVEL = "-Onone";
				TARGETED_DEVICE_FAMILY = "1,2";
			};
			name = Debug;
		};
		65D611211CBAABDA007BE3AC /* Release */ = {
			isa = XCBuildConfiguration;
			buildSettings = {
				ALWAYS_SEARCH_USER_PATHS = NO;
				CLANG_ANALYZER_NONNULL = YES;
				CLANG_CXX_LANGUAGE_STANDARD = "gnu++0x";
				CLANG_CXX_LIBRARY = "libc++";
				CLANG_ENABLE_MODULES = YES;
				CLANG_ENABLE_OBJC_ARC = YES;
				CLANG_WARN_BOOL_CONVERSION = YES;
				CLANG_WARN_CONSTANT_CONVERSION = YES;
				CLANG_WARN_DIRECT_OBJC_ISA_USAGE = YES_ERROR;
				CLANG_WARN_EMPTY_BODY = YES;
				CLANG_WARN_ENUM_CONVERSION = YES;
				CLANG_WARN_INT_CONVERSION = YES;
				CLANG_WARN_OBJC_ROOT_CLASS = YES_ERROR;
				CLANG_WARN_UNREACHABLE_CODE = YES;
				CLANG_WARN__DUPLICATE_METHOD_MATCH = YES;
				"CODE_SIGN_IDENTITY[sdk=iphoneos*]" = "iPhone Developer";
				COPY_PHASE_STRIP = NO;
				DEBUG_INFORMATION_FORMAT = "dwarf-with-dsym";
				ENABLE_NS_ASSERTIONS = NO;
				ENABLE_STRICT_OBJC_MSGSEND = YES;
				GCC_C_LANGUAGE_STANDARD = gnu99;
				GCC_NO_COMMON_BLOCKS = YES;
				GCC_WARN_64_TO_32_BIT_CONVERSION = YES;
				GCC_WARN_ABOUT_RETURN_TYPE = YES_ERROR;
				GCC_WARN_UNDECLARED_SELECTOR = YES;
				GCC_WARN_UNINITIALIZED_AUTOS = YES_AGGRESSIVE;
				GCC_WARN_UNUSED_FUNCTION = YES;
				GCC_WARN_UNUSED_VARIABLE = YES;
				IPHONEOS_DEPLOYMENT_TARGET = 9.3;
				MTL_ENABLE_DEBUG_INFO = NO;
				SDKROOT = iphoneos;
				TARGETED_DEVICE_FAMILY = "1,2";
				VALIDATE_PRODUCT = YES;
			};
			name = Release;
		};
		65D611231CBAABDA007BE3AC /* Debug */ = {
			isa = XCBuildConfiguration;
			buildSettings = {
				ASSETCATALOG_COMPILER_APPICON_NAME = AppIcon;
				INFOPLIST_FILE = FoodTracker/Info.plist;
				LD_RUNPATH_SEARCH_PATHS = "$(inherited) @executable_path/Frameworks";
				PRODUCT_BUNDLE_IDENTIFIER = com.andreaperazzi.FoodTracker;
				PRODUCT_NAME = "$(TARGET_NAME)";
			};
			name = Debug;
		};
		65D611241CBAABDA007BE3AC /* Release */ = {
			isa = XCBuildConfiguration;
			buildSettings = {
				ASSETCATALOG_COMPILER_APPICON_NAME = AppIcon;
				INFOPLIST_FILE = FoodTracker/Info.plist;
				LD_RUNPATH_SEARCH_PATHS = "$(inherited) @executable_path/Frameworks";
				PRODUCT_BUNDLE_IDENTIFIER = com.andreaperazzi.FoodTracker;
				PRODUCT_NAME = "$(TARGET_NAME)";
			};
			name = Release;
		};
		65D611261CBAABDA007BE3AC /* Debug */ = {
			isa = XCBuildConfiguration;
			buildSettings = {
				BUNDLE_LOADER = "$(TEST_HOST)";
				INFOPLIST_FILE = FoodTrackerTests/Info.plist;
				LD_RUNPATH_SEARCH_PATHS = "$(inherited) @executable_path/Frameworks @loader_path/Frameworks";
				PRODUCT_BUNDLE_IDENTIFIER = com.andreaperazzi.FoodTrackerTests;
				PRODUCT_NAME = "$(TARGET_NAME)";
				TEST_HOST = "$(BUILT_PRODUCTS_DIR)/FoodTracker.app/FoodTracker";
			};
			name = Debug;
		};
		65D611271CBAABDA007BE3AC /* Release */ = {
			isa = XCBuildConfiguration;
			buildSettings = {
				BUNDLE_LOADER = "$(TEST_HOST)";
				INFOPLIST_FILE = FoodTrackerTests/Info.plist;
				LD_RUNPATH_SEARCH_PATHS = "$(inherited) @executable_path/Frameworks @loader_path/Frameworks";
				PRODUCT_BUNDLE_IDENTIFIER = com.andreaperazzi.FoodTrackerTests;
				PRODUCT_NAME = "$(TARGET_NAME)";
				TEST_HOST = "$(BUILT_PRODUCTS_DIR)/FoodTracker.app/FoodTracker";
			};
			name = Release;
		};
/* End XCBuildConfiguration section */

/* Begin XCConfigurationList section */
		65D611001CBAABD9007BE3AC /* Build configuration list for PBXProject "FoodTracker" */ = {
			isa = XCConfigurationList;
			buildConfigurations = (
				65D611201CBAABDA007BE3AC /* Debug */,
				65D611211CBAABDA007BE3AC /* Release */,
			);
			defaultConfigurationIsVisible = 0;
			defaultConfigurationName = Release;
		};
		65D611221CBAABDA007BE3AC /* Build configuration list for PBXNativeTarget "FoodTracker" */ = {
			isa = XCConfigurationList;
			buildConfigurations = (
				65D611231CBAABDA007BE3AC /* Debug */,
				65D611241CBAABDA007BE3AC /* Release */,
			);
			defaultConfigurationIsVisible = 0;
			defaultConfigurationName = Release;
		};
		65D611251CBAABDA007BE3AC /* Build configuration list for PBXNativeTarget "FoodTrackerTests" */ = {
			isa = XCConfigurationList;
			buildConfigurations = (
				65D611261CBAABDA007BE3AC /* Debug */,
				65D611271CBAABDA007BE3AC /* Release */,
			);
			defaultConfigurationIsVisible = 0;
			defaultConfigurationName = Release;
		};
/* End XCConfigurationList section */
	};
	rootObject = 65D610FD1CBAABD9007BE3AC /* Project object */;
}
